
Microsoft Visual Studio Solution File, Format Version 12.00
# Visual Studio Version 16
VisualStudioVersion = 16.0.29806.167
MinimumVisualStudioVersion = 10.0.40219.1
Project("{FAE04EC0-301F-11D3-BF4B-00C04F79EFBC}") = "SelectedItemStyling.UWP", "SelectedItemStyling\SelectedItemStyling.UWP\SelectedItemStyling.UWP.csproj", "{BD8E7FF2-0F1B-48BD-84AD-76DDAA450E53}"
EndProject
Project("{FAE04EC0-301F-11D3-BF4B-00C04F79EFBC}") = "SelectedItemStyling.Android", "SelectedItemStyling\SelectedItemStyling.Android\SelectedItemStyling.Android.csproj", "{27ACBE38-8A3F-4B15-B567-9EB389B7E3FC}"
EndProject
Project("{FAE04EC0-301F-11D3-BF4B-00C04F79EFBC}") = "SelectedItemStyling.iOS", "SelectedItemStyling\SelectedItemStyling.iOS\SelectedItemStyling.iOS.csproj", "{E45FB0C7-1E84-44CB-A86C-9D0FFE3F1D9A}"
EndProject
Project("{FAE04EC0-301F-11D3-BF4B-00C04F79EFBC}") = "SelectedItemStyling", "SelectedItemStyling\SelectedItemStyling\SelectedItemStyling.csproj", "{DD566231-C29E-49B5-B4E4-BA06A8B31007}"
EndProject
Global
	GlobalSection(SolutionConfigurationPlatforms) = preSolution
		Debug|Any CPU = Debug|Any CPU
		Debug|ARM = Debug|ARM
		Debug|iPhone = Debug|iPhone
		Debug|iPhoneSimulator = Debug|iPhoneSimulator
		Debug|x64 = Debug|x64
		Debug|x86 = Debug|x86
		Release|Any CPU = Release|Any CPU
		Release|ARM = Release|ARM
		Release|iPhone = Release|iPhone
		Release|iPhoneSimulator = Release|iPhoneSimulator
		Release|x64 = Release|x64
		Release|x86 = Release|x86
	EndGlobalSection
	GlobalSection(ProjectConfigurationPlatforms) = postSolution
		{BD8E7FF2-0F1B-48BD-84AD-76DDAA450E53}.Debug|Any CPU.ActiveCfg = Debug|x86
		{BD8E7FF2-0F1B-48BD-84AD-76DDAA450E53}.Debug|Any CPU.Build.0 = Debug|x86
		{BD8E7FF2-0F1B-48BD-84AD-76DDAA450E53}.Debug|Any CPU.Deploy.0 = Debug|x86
		{BD8E7FF2-0F1B-48BD-84AD-76DDAA450E53}.Debug|ARM.ActiveCfg = Debug|ARM
		{BD8E7FF2-0F1B-48BD-84AD-76DDAA450E53}.Debug|ARM.Build.0 = Debug|ARM
		{BD8E7FF2-0F1B-48BD-84AD-76DDAA450E53}.Debug|ARM.Deploy.0 = Debug|ARM
		{BD8E7FF2-0F1B-48BD-84AD-76DDAA450E53}.Debug|iPhone.ActiveCfg = Debug|x86
		{BD8E7FF2-0F1B-48BD-84AD-76DDAA450E53}.Debug|iPhone.Build.0 = Debug|x86
		{BD8E7FF2-0F1B-48BD-84AD-76DDAA450E53}.Debug|iPhone.Deploy.0 = Debug|x86
		{BD8E7FF2-0F1B-48BD-84AD-76DDAA450E53}.Debug|iPhoneSimulator.ActiveCfg = Debug|x86
		{BD8E7FF2-0F1B-48BD-84AD-76DDAA450E53}.Debug|iPhoneSimulator.Build.0 = Debug|x86
		{BD8E7FF2-0F1B-48BD-84AD-76DDAA450E53}.Debug|iPhoneSimulator.Deploy.0 = Debug|x86
		{BD8E7FF2-0F1B-48BD-84AD-76DDAA450E53}.Debug|x64.ActiveCfg = Debug|x64
		{BD8E7FF2-0F1B-48BD-84AD-76DDAA450E53}.Debug|x64.Build.0 = Debug|x64
		{BD8E7FF2-0F1B-48BD-84AD-76DDAA450E53}.Debug|x64.Deploy.0 = Debug|x64
		{BD8E7FF2-0F1B-48BD-84AD-76DDAA450E53}.Debug|x86.ActiveCfg = Debug|x86
		{BD8E7FF2-0F1B-48BD-84AD-76DDAA450E53}.Debug|x86.Build.0 = Debug|x86
		{BD8E7FF2-0F1B-48BD-84AD-76DDAA450E53}.Debug|x86.Deploy.0 = Debug|x86
		{BD8E7FF2-0F1B-48BD-84AD-76DDAA450E53}.Release|Any CPU.ActiveCfg = Release|x86
		{BD8E7FF2-0F1B-48BD-84AD-76DDAA450E53}.Release|Any CPU.Build.0 = Release|x86
		{BD8E7FF2-0F1B-48BD-84AD-76DDAA450E53}.Release|Any CPU.Deploy.0 = Release|x86
		{BD8E7FF2-0F1B-48BD-84AD-76DDAA450E53}.Release|ARM.ActiveCfg = Release|ARM
		{BD8E7FF2-0F1B-48BD-84AD-76DDAA450E53}.Release|ARM.Build.0 = Release|ARM
		{BD8E7FF2-0F1B-48BD-84AD-76DDAA450E53}.Release|ARM.Deploy.0 = Release|ARM
		{BD8E7FF2-0F1B-48BD-84AD-76DDAA450E53}.Release|iPhone.ActiveCfg = Release|x86
		{BD8E7FF2-0F1B-48BD-84AD-76DDAA450E53}.Release|iPhone.Build.0 = Release|x86
		{BD8E7FF2-0F1B-48BD-84AD-76DDAA450E53}.Release|iPhone.Deploy.0 = Release|x86
		{BD8E7FF2-0F1B-48BD-84AD-76DDAA450E53}.Release|iPhoneSimulator.ActiveCfg = Release|x86
		{BD8E7FF2-0F1B-48BD-84AD-76DDAA450E53}.Release|iPhoneSimulator.Build.0 = Release|x86
		{BD8E7FF2-0F1B-48BD-84AD-76DDAA450E53}.Release|iPhoneSimulator.Deploy.0 = Release|x86
		{BD8E7FF2-0F1B-48BD-84AD-76DDAA450E53}.Release|x64.ActiveCfg = Release|x64
		{BD8E7FF2-0F1B-48BD-84AD-76DDAA450E53}.Release|x64.Build.0 = Release|x64
		{BD8E7FF2-0F1B-48BD-84AD-76DDAA450E53}.Release|x64.Deploy.0 = Release|x64
		{BD8E7FF2-0F1B-48BD-84AD-76DDAA450E53}.Release|x86.ActiveCfg = Release|x86
		{BD8E7FF2-0F1B-48BD-84AD-76DDAA450E53}.Release|x86.Build.0 = Release|x86
		{BD8E7FF2-0F1B-48BD-84AD-76DDAA450E53}.Release|x86.Deploy.0 = Release|x86
		{27ACBE38-8A3F-4B15-B567-9EB389B7E3FC}.Debug|Any CPU.ActiveCfg = Debug|Any CPU
		{27ACBE38-8A3F-4B15-B567-9EB389B7E3FC}.Debug|Any CPU.Build.0 = Debug|Any CPU
		{27ACBE38-8A3F-4B15-B567-9EB389B7E3FC}.Debug|Any CPU.Deploy.0 = Debug|Any CPU
		{27ACBE38-8A3F-4B15-B567-9EB389B7E3FC}.Debug|ARM.ActiveCfg = Debug|Any CPU
		{27ACBE38-8A3F-4B15-B567-9EB389B7E3FC}.Debug|ARM.Build.0 = Debug|Any CPU
		{27ACBE38-8A3F-4B15-B567-9EB389B7E3FC}.Debug|ARM.Deploy.0 = Debug|Any CPU
		{27ACBE38-8A3F-4B15-B567-9EB389B7E3FC}.Debug|iPhone.ActiveCfg = Debug|Any CPU
		{27ACBE38-8A3F-4B15-B567-9EB389B7E3FC}.Debug|iPhone.Build.0 = Debug|Any CPU
		{27ACBE38-8A3F-4B15-B567-9EB389B7E3FC}.Debug|iPhone.Deploy.0 = Debug|Any CPU
		{27ACBE38-8A3F-4B15-B567-9EB389B7E3FC}.Debug|iPhoneSimulator.ActiveCfg = Debug|Any CPU
		{27ACBE38-8A3F-4B15-B567-9EB389B7E3FC}.Debug|iPhoneSimulator.Build.0 = Debug|Any CPU
		{27ACBE38-8A3F-4B15-B567-9EB389B7E3FC}.Debug|iPhoneSimulator.Deploy.0 = Debug|Any CPU
		{27ACBE38-8A3F-4B15-B567-9EB389B7E3FC}.Debug|x64.ActiveCfg = Debug|Any CPU
		{27ACBE38-8A3F-4B15-B567-9EB389B7E3FC}.Debug|x64.Build.0 = Debug|Any CPU
		{27ACBE38-8A3F-4B15-B567-9EB389B7E3FC}.Debug|x64.Deploy.0 = Debug|Any CPU
		{27ACBE38-8A3F-4B15-B567-9EB389B7E3FC}.Debug|x86.ActiveCfg = Debug|Any CPU
		{27ACBE38-8A3F-4B15-B567-9EB389B7E3FC}.Debug|x86.Build.0 = Debug|Any CPU
		{27ACBE38-8A3F-4B15-B567-9EB389B7E3FC}.Debug|x86.Deploy.0 = Debug|Any CPU
		{27ACBE38-8A3F-4B15-B567-9EB389B7E3FC}.Release|Any CPU.ActiveCfg = Release|Any CPU
		{27ACBE38-8A3F-4B15-B567-9EB389B7E3FC}.Release|Any CPU.Build.0 = Release|Any CPU
		{27ACBE38-8A3F-4B15-B567-9EB389B7E3FC}.Release|Any CPU.Deploy.0 = Release|Any CPU
		{27ACBE38-8A3F-4B15-B567-9EB389B7E3FC}.Release|ARM.ActiveCfg = Release|Any CPU
		{27ACBE38-8A3F-4B15-B567-9EB389B7E3FC}.Release|ARM.Build.0 = Release|Any CPU
		{27ACBE38-8A3F-4B15-B567-9EB389B7E3FC}.Release|ARM.Deploy.0 = Release|Any CPU
		{27ACBE38-8A3F-4B15-B567-9EB389B7E3FC}.Release|iPhone.ActiveCfg = Release|Any CPU
		{27ACBE38-8A3F-4B15-B567-9EB389B7E3FC}.Release|iPhone.Build.0 = Release|Any CPU
		{27ACBE38-8A3F-4B15-B567-9EB389B7E3FC}.Release|iPhone.Deploy.0 = Release|Any CPU
		{27ACBE38-8A3F-4B15-B567-9EB389B7E3FC}.Release|iPhoneSimulator.ActiveCfg = Release|Any CPU
		{27ACBE38-8A3F-4B15-B567-9EB389B7E3FC}.Release|iPhoneSimulator.Build.0 = Release|Any CPU
		{27ACBE38-8A3F-4B15-B567-9EB389B7E3FC}.Release|iPhoneSimulator.Deploy.0 = Release|Any CPU
		{27ACBE38-8A3F-4B15-B567-9EB389B7E3FC}.Release|x64.ActiveCfg = Release|Any CPU
		{27ACBE38-8A3F-4B15-B567-9EB389B7E3FC}.Release|x64.Build.0 = Release|Any CPU
		{27ACBE38-8A3F-4B15-B567-9EB389B7E3FC}.Release|x64.Deploy.0 = Release|Any CPU
		{27ACBE38-8A3F-4B15-B567-9EB389B7E3FC}.Release|x86.ActiveCfg = Release|Any CPU
		{27ACBE38-8A3F-4B15-B567-9EB389B7E3FC}.Release|x86.Build.0 = Release|Any CPU
		{27ACBE38-8A3F-4B15-B567-9EB389B7E3FC}.Release|x86.Deploy.0 = Release|Any CPU
		{E45FB0C7-1E84-44CB-A86C-9D0FFE3F1D9A}.Debug|Any CPU.ActiveCfg = Debug|iPhone
		{E45FB0C7-1E84-44CB-A86C-9D0FFE3F1D9A}.Debug|Any CPU.Build.0 = Debug|iPhone
		{E45FB0C7-1E84-44CB-A86C-9D0FFE3F1D9A}.Debug|Any CPU.Deploy.0 = Debug|iPhone
		{E45FB0C7-1E84-44CB-A86C-9D0FFE3F1D9A}.Debug|ARM.ActiveCfg = Debug|iPhoneSimulator
		{E45FB0C7-1E84-44CB-A86C-9D0FFE3F1D9A}.Debug|ARM.Build.0 = Debug|iPhoneSimulator
		{E45FB0C7-1E84-44CB-A86C-9D0FFE3F1D9A}.Debug|ARM.Deploy.0 = Debug|iPhoneSimulator
		{E45FB0C7-1E84-44CB-A86C-9D0FFE3F1D9A}.Debug|iPhone.ActiveCfg = Debug|iPhone
		{E45FB0C7-1E84-44CB-A86C-9D0FFE3F1D9A}.Debug|iPhone.Build.0 = Debug|iPhone
		{E45FB0C7-1E84-44CB-A86C-9D0FFE3F1D9A}.Debug|iPhone.Deploy.0 = Debug|iPhone
		{E45FB0C7-1E84-44CB-A86C-9D0FFE3F1D9A}.Debug|iPhoneSimulator.ActiveCfg = Debug|iPhoneSimulator
		{E45FB0C7-1E84-44CB-A86C-9D0FFE3F1D9A}.Debug|iPhoneSimulator.Build.0 = Debug|iPhoneSimulator
		{E45FB0C7-1E84-44CB-A86C-9D0FFE3F1D9A}.Debug|iPhoneSimulator.Deploy.0 = Debug|iPhoneSimulator
		{E45FB0C7-1E84-44CB-A86C-9D0FFE3F1D9A}.Debug|x64.ActiveCfg = Debug|iPhone
		{E45FB0C7-1E84-44CB-A86C-9D0FFE3F1D9A}.Debug|x64.Build.0 = Debug|iPhone
		{E45FB0C7-1E84-44CB-A86C-9D0FFE3F1D9A}.Debug|x64.Deploy.0 = Debug|iPhone
		{E45FB0C7-1E84-44CB-A86C-9D0FFE3F1D9A}.Debug|x86.ActiveCfg = Debug|iPhone
		{E45FB0C7-1E84-44CB-A86C-9D0FFE3F1D9A}.Debug|x86.Build.0 = Debug|iPhone
		{E45FB0C7-1E84-44CB-A86C-9D0FFE3F1D9A}.Debug|x86.Deploy.0 = Debug|iPhone
		{E45FB0C7-1E84-44CB-A86C-9D0FFE3F1D9A}.Release|Any CPU.ActiveCfg = Release|iPhone
		{E45FB0C7-1E84-44CB-A86C-9D0FFE3F1D9A}.Release|Any CPU.Build.0 = Release|iPhone
		{E45FB0C7-1E84-44CB-A86C-9D0FFE3F1D9A}.Release|Any CPU.Deploy.0 = Release|iPhone
		{E45FB0C7-1E84-44CB-A86C-9D0FFE3F1D9A}.Release|ARM.ActiveCfg = Release|iPhone
		{E45FB0C7-1E84-44CB-A86C-9D0FFE3F1D9A}.Release|ARM.Build.0 = Release|iPhone
		{E45FB0C7-1E84-44CB-A86C-9D0FFE3F1D9A}.Release|ARM.Deploy.0 = Release|iPhone
		{E45FB0C7-1E84-44CB-A86C-9D0FFE3F1D9A}.Release|iPhone.ActiveCfg = Release|iPhone
		{E45FB0C7-1E84-44CB-A86C-9D0FFE3F1D9A}.Release|iPhone.Build.0 = Release|iPhone
		{E45FB0C7-1E84-44CB-A86C-9D0FFE3F1D9A}.Release|iPhone.Deploy.0 = Release|iPhone
		{E45FB0C7-1E84-44CB-A86C-9D0FFE3F1D9A}.Release|iPhoneSimulator.ActiveCfg = Release|iPhoneSimulator
		{E45FB0C7-1E84-44CB-A86C-9D0FFE3F1D9A}.Release|iPhoneSimulator.Build.0 = Release|iPhoneSimulator
		{E45FB0C7-1E84-44CB-A86C-9D0FFE3F1D9A}.Release|iPhoneSimulator.Deploy.0 = Release|iPhoneSimulator
		{E45FB0C7-1E84-44CB-A86C-9D0FFE3F1D9A}.Release|x64.ActiveCfg = Release|iPhone
		{E45FB0C7-1E84-44CB-A86C-9D0FFE3F1D9A}.Release|x64.Build.0 = Release|iPhone
		{E45FB0C7-1E84-44CB-A86C-9D0FFE3F1D9A}.Release|x64.Deploy.0 = Release|iPhone
		{E45FB0C7-1E84-44CB-A86C-9D0FFE3F1D9A}.Release|x86.ActiveCfg = Release|iPhone
		{E45FB0C7-1E84-44CB-A86C-9D0FFE3F1D9A}.Release|x86.Build.0 = Release|iPhone
		{E45FB0C7-1E84-44CB-A86C-9D0FFE3F1D9A}.Release|x86.Deploy.0 = Release|iPhone
		{DD566231-C29E-49B5-B4E4-BA06A8B31007}.Debug|Any CPU.ActiveCfg = Debug|Any CPU
		{DD566231-C29E-49B5-B4E4-BA06A8B31007}.Debug|Any CPU.Build.0 = Debug|Any CPU
		{DD566231-C29E-49B5-B4E4-BA06A8B31007}.Debug|Any CPU.Deploy.0 = Debug|Any CPU
		{DD566231-C29E-49B5-B4E4-BA06A8B31007}.Debug|ARM.ActiveCfg = Debug|Any CPU
		{DD566231-C29E-49B5-B4E4-BA06A8B31007}.Debug|ARM.Build.0 = Debug|Any CPU
		{DD566231-C29E-49B5-B4E4-BA06A8B31007}.Debug|ARM.Deploy.0 = Debug|Any CPU
		{DD566231-C29E-49B5-B4E4-BA06A8B31007}.Debug|iPhone.ActiveCfg = Debug|Any CPU
		{DD566231-C29E-49B5-B4E4-BA06A8B31007}.Debug|iPhone.Build.0 = Debug|Any CPU
		{DD566231-C29E-49B5-B4E4-BA06A8B31007}.Debug|iPhone.Deploy.0 = Debug|Any CPU
		{DD566231-C29E-49B5-B4E4-BA06A8B31007}.Debug|iPhoneSimulator.ActiveCfg = Debug|Any CPU
		{DD566231-C29E-49B5-B4E4-BA06A8B31007}.Debug|iPhoneSimulator.Build.0 = Debug|Any CPU
		{DD566231-C29E-49B5-B4E4-BA06A8B31007}.Debug|iPhoneSimulator.Deploy.0 = Debug|Any CPU
		{DD566231-C29E-49B5-B4E4-BA06A8B31007}.Debug|x64.ActiveCfg = Debug|Any CPU
		{DD566231-C29E-49B5-B4E4-BA06A8B31007}.Debug|x64.Build.0 = Debug|Any CPU
		{DD566231-C29E-49B5-B4E4-BA06A8B31007}.Debug|x64.Deploy.0 = Debug|Any CPU
		{DD566231-C29E-49B5-B4E4-BA06A8B31007}.Debug|x86.ActiveCfg = Debug|Any CPU
		{DD566231-C29E-49B5-B4E4-BA06A8B31007}.Debug|x86.Build.0 = Debug|Any CPU
		{DD566231-C29E-49B5-B4E4-BA06A8B31007}.Debug|x86.Deploy.0 = Debug|Any CPU
		{DD566231-C29E-49B5-B4E4-BA06A8B31007}.Release|Any CPU.ActiveCfg = Release|Any CPU
		{DD566231-C29E-49B5-B4E4-BA06A8B31007}.Release|Any CPU.Build.0 = Release|Any CPU
		{DD566231-C29E-49B5-B4E4-BA06A8B31007}.Release|Any CPU.Deploy.0 = Release|Any CPU
		{DD566231-C29E-49B5-B4E4-BA06A8B31007}.Release|ARM.ActiveCfg = Release|Any CPU
		{DD566231-C29E-49B5-B4E4-BA06A8B31007}.Release|ARM.Build.0 = Release|Any CPU
		{DD566231-C29E-49B5-B4E4-BA06A8B31007}.Release|ARM.Deploy.0 = Release|Any CPU
		{DD566231-C29E-49B5-B4E4-BA06A8B31007}.Release|iPhone.ActiveCfg = Release|Any CPU
		{DD566231-C29E-49B5-B4E4-BA06A8B31007}.Release|iPhone.Build.0 = Release|Any CPU
		{DD566231-C29E-49B5-B4E4-BA06A8B31007}.Release|iPhone.Deploy.0 = Release|Any CPU
		{DD566231-C29E-49B5-B4E4-BA06A8B31007}.Release|iPhoneSimulator.ActiveCfg = Release|Any CPU
		{DD566231-C29E-49B5-B4E4-BA06A8B31007}.Release|iPhoneSimulator.Build.0 = Release|Any CPU
		{DD566231-C29E-49B5-B4E4-BA06A8B31007}.Release|iPhoneSimulator.Deploy.0 = Release|Any CPU
		{DD566231-C29E-49B5-B4E4-BA06A8B31007}.Release|x64.ActiveCfg = Release|Any CPU
		{DD566231-C29E-49B5-B4E4-BA06A8B31007}.Release|x64.Build.0 = Release|Any CPU
		{DD566231-C29E-49B5-B4E4-BA06A8B31007}.Release|x64.Deploy.0 = Release|Any CPU
		{DD566231-C29E-49B5-B4E4-BA06A8B31007}.Release|x86.ActiveCfg = Release|Any CPU
		{DD566231-C29E-49B5-B4E4-BA06A8B31007}.Release|x86.Build.0 = Release|Any CPU
		{DD566231-C29E-49B5-B4E4-BA06A8B31007}.Release|x86.Deploy.0 = Release|Any CPU
	EndGlobalSection
	GlobalSection(SolutionProperties) = preSolution
		HideSolutionNode = FALSE
	EndGlobalSection
	GlobalSection(ExtensibilityGlobals) = postSolution
		SolutionGuid = {4AD3018E-29F4-4E6F-9B38-2BAF55A8DD73}
	EndGlobalSection
EndGlobal
